
Microsoft Visual Studio Solution File, Format Version 12.00
# Visual Studio Version 16
VisualStudioVersion = 16.0.31624.102
MinimumVisualStudioVersion = 10.0.40219.1
Project("{FAE04EC0-301F-11D3-BF4B-00C04F79EFBC}") = "MinApp", "MinApp\MinApp.csproj", "{33F3021A-CBF5-42A1-837A-DD3CC3477E1F}"
EndProject
Project("{FAE04EC0-301F-11D3-BF4B-00C04F79EFBC}") = "TestMinApp", "TestMinApp\TestMinApp.csproj", "{878CD69F-9780-4C8E-9D58-E54DB71790DF}"
EndProject
Global
	GlobalSection(SolutionConfigurationPlatforms) = preSolution
		Debug|Any CPU = Debug|Any CPU
		Release|Any CPU = Release|Any CPU
	EndGlobalSection
	GlobalSection(ProjectConfigurationPlatforms) = postSolution
		{33F3021A-CBF5-42A1-837A-DD3CC3477E1F}.Debug|Any CPU.ActiveCfg = Debug|Any CPU
		{33F3021A-CBF5-42A1-837A-DD3CC3477E1F}.Debug|Any CPU.Build.0 = Debug|Any CPU
		{33F3021A-CBF5-42A1-837A-DD3CC3477E1F}.Release|Any CPU.ActiveCfg = Release|Any CPU
		{33F3021A-CBF5-42A1-837A-DD3CC3477E1F}.Release|Any CPU.Build.0 = Release|Any CPU
		{878CD69F-9780-4C8E-9D58-E54DB71790DF}.Debug|Any CPU.ActiveCfg = Debug|Any CPU
		{878CD69F-9780-4C8E-9D58-E54DB71790DF}.Debug|Any CPU.Build.0 = Debug|Any CPU
		{878CD69F-9780-4C8E-9D58-E54DB71790DF}.Release|Any CPU.ActiveCfg = Release|Any CPU
		{878CD69F-9780-4C8E-9D58-E54DB71790DF}.Release|Any CPU.Build.0 = Release|Any CPU
	EndGlobalSection
	GlobalSection(SolutionProperties) = preSolution
		HideSolutionNode = FALSE
	EndGlobalSection
	GlobalSection(ExtensibilityGlobals) = postSolution
		SolutionGuid = {8C8CC832-B407-41A3-92DC-2E07F1F3ABC7}
	EndGlobalSection
EndGlobal
